name: lai_bundle
channels:
  - defaults
  - bioconda
  - conda-forge
dependencies:
  - _libgcc_mutex=0.1
  - _openmp_mutex=5.1
  - bcftools=1.20
  - bzip2=1.0.8
  - c-ares=1.34.6
  - ca-certificates=2026.3.19
  - gettext=0.25.1
  - gettext-tools=0.25.1
  - gsl=2.7
  - htslib=1.20
  - icu=73.1
  - jansson=2.14
  - ld_impl_linux-64=2.44
  - libasprintf=0.25.1
  - libasprintf-devel=0.25.1
  - libblas=3.11.0
  - libbrotlicommon=1.2.0
  - libbrotlidec=1.2.0
  - libbrotlienc=1.2.0
  - libcblas=3.11.0
  - libcurl=8.19.0
  - libdeflate=1.22
  - libev=4.33
  - libexpat=2.7.5
  - libffi=3.4.4
  - libgcc=15.2.0
  - libgcc-ng=15.2.0
  - libgettextpo=0.25.1
  - libgettextpo-devel=0.25.1
  - libgfortran=15.2.0
  - libgfortran5=15.2.0
  - libgomp=15.2.0
  - libiconv=1.18
  - libidn2=2.3.8
  - libkrb5=1.22.1
  - libnghttp2=1.67.1
  - libnsl=2.0.0
  - libopenblas=0.3.32
  - libssh2=1.11.1
  - libstdcxx=15.2.0
  - libstdcxx-ng=15.2.0
  - libunistring=1.3
  - libuuid=1.41.5
  - libxcb=1.17.0
  - libxcrypt=4.4.36
  - libxml2=2.13.9
  - libzlib=1.3.1
  - lmdb=0.9.31
  - lz4-c=1.9.4
  - ncurses=6.5
  - openssl=3.6.1
  - packaging=26.0
  - perl=5.32.1
  - pip=26.0.1
  - plink2=2.0.0a.6.9
  - pthread-stubs=0.3
  - python=3.11.15
  - readline=8.3
  - samtools=1.20
  - setuptools=82.0.1
  - sqlite=3.51.2
  - tk=8.6.15
  - tzdata=2026a
  - wheel=0.46.3
  - xorg-libx11=1.8.12
  - xorg-libxau=1.0.12
  - xorg-libxdmcp=1.1.5
  - xorg-xorgproto=2024.1
  - xz=5.8.2
  - zlib=1.3.1
  - zstd=1.5.7
  - pip:
      - bx-python==0.14.0
      - click==8.3.2
      - cloudpickle==3.1.2
      - contourpy==1.3.3
      - crossmap==0.7.3
      - cycler==0.12.1
      - dask==2026.3.0
      - fastmixture==1.3.0
      - fonttools==4.62.1
      - fsspec==2026.3.0
      - importlib-metadata==9.0.0
      - joblib==1.5.3
      - kiwisolver==1.5.0
      - locket==1.0.0
      - matplotlib==3.10.8
      - numpy==2.4.4
      - nvidia-nccl-cu12==2.29.7
      - pandas==3.0.2
      - parameterized==0.9.0
      - partd==1.4.2
      - pillow==12.2.0
      - pybigwig==0.3.25
      - pyparsing==3.3.2
      - pysam==0.23.3
      - python-dateutil==2.9.0.post0
      - scikit-allel==1.3.13
      - scikit-learn==1.8.0
      - scipy==1.17.1
      - seaborn==0.13.2
      - six==1.17.0
      - threadpoolctl==3.6.0
      - toolz==1.1.0
      - tqdm==4.67.3
      - uncertainty-calibration==0.1.4
      - xgboost==3.2.0
      - zipp==3.23.0
prefix: /exports/people/mondragonlab/ecc1695/.conda/envs/lai_bundle
